// !$*UTF8*$!
{
	archiveVersion = 1;
	classes = {
	};
	objectVersion = 46;
	objects = {

/* Begin PBXBuildFile section */
		01138AD727F1BE1A00734060 /* CEcoLab1Factory.h in Headers */ = {isa = PBXBuildFile; fileRef = 01138AD527F1BE1A00734060 /* CEcoLab1Factory.h */; };
		01138AD827F1BE1A00734060 /* CEcoLab1Factory.h in Headers */ = {isa = PBXBuildFile; fileRef = 01138AD527F1BE1A00734060 /* CEcoLab1Factory.h */; };
		01138AD927F1BE1A00734060 /* CEcoLab1.h in Headers */ = {isa = PBXBuildFile; fileRef = 01138AD627F1BE1A00734060 /* CEcoLab1.h */; };
		01138ADA27F1BE1A00734060 /* CEcoLab1.h in Headers */ = {isa = PBXBuildFile; fileRef = 01138AD627F1BE1A00734060 /* CEcoLab1.h */; };
		01138ADF27F1BE2C00734060 /* IEcoLab1.h in Headers */ = {isa = PBXBuildFile; fileRef = 01138ADD27F1BE2C00734060 /* IEcoLab1.h */; };
		01138AE027F1BE2C00734060 /* IEcoLab1.h in Headers */ = {isa = PBXBuildFile; fileRef = 01138ADD27F1BE2C00734060 /* IEcoLab1.h */; };
		01138AE127F1BE2C00734060 /* IdEcoLab1.h in Headers */ = {isa = PBXBuildFile; fileRef = 01138ADE27F1BE2C00734060 /* IdEcoLab1.h */; };
		01138AE227F1BE2C00734060 /* IdEcoLab1.h in Headers */ = {isa = PBXBuildFile; fileRef = 01138ADE27F1BE2C00734060 /* IdEcoLab1.h */; };
		4E4907422ED24BB000864CDD /* CEcoLab1ConnectionPoint.c in Sources */ = {isa = PBXBuildFile; fileRef = 4E49073F2ED24BB000864CDD /* CEcoLab1ConnectionPoint.c */; };
		4E4907432ED24BB000864CDD /* CEcoLab1EnumConnections.c in Sources */ = {isa = PBXBuildFile; fileRef = 4E4907412ED24BB000864CDD /* CEcoLab1EnumConnections.c */; };
		4E4907442ED24BB000864CDD /* CEcoLab1EnumConnectionPoints.c in Sources */ = {isa = PBXBuildFile; fileRef = 4E4907402ED24BB000864CDD /* CEcoLab1EnumConnectionPoints.c */; };
		4E4907452ED24BB000864CDD /* CEcoLab1ConnectionPoint.c in Sources */ = {isa = PBXBuildFile; fileRef = 4E49073F2ED24BB000864CDD /* CEcoLab1ConnectionPoint.c */; };
		4E4907462ED24BB000864CDD /* CEcoLab1EnumConnections.c in Sources */ = {isa = PBXBuildFile; fileRef = 4E4907412ED24BB000864CDD /* CEcoLab1EnumConnections.c */; };
		4E4907472ED24BB000864CDD /* CEcoLab1EnumConnectionPoints.c in Sources */ = {isa = PBXBuildFile; fileRef = 4E4907402ED24BB000864CDD /* CEcoLab1EnumConnectionPoints.c */; };
		4E49074F2ED24BC800864CDD /* IEcoLab1Events.h in Headers */ = {isa = PBXBuildFile; fileRef = 4E49074D2ED24BC800864CDD /* IEcoLab1Events.h */; };
		4E4907502ED24BC800864CDD /* IEcoList1.h in Headers */ = {isa = PBXBuildFile; fileRef = 4E49074E2ED24BC800864CDD /* IEcoList1.h */; };
		4E4907512ED24BC800864CDD /* IdEcoList1.h in Headers */ = {isa = PBXBuildFile; fileRef = 4E4907482ED24BC800864CDD /* IdEcoList1.h */; };
		4E4907522ED24BC800864CDD /* IEcoEnumConnections.h in Headers */ = {isa = PBXBuildFile; fileRef = 4E49074C2ED24BC800864CDD /* IEcoEnumConnections.h */; };
		4E4907532ED24BC800864CDD /* IEcoConnectionPoint.h in Headers */ = {isa = PBXBuildFile; fileRef = 4E4907492ED24BC800864CDD /* IEcoConnectionPoint.h */; };
		4E4907542ED24BC800864CDD /* IEcoEnumConnectionPoints.h in Headers */ = {isa = PBXBuildFile; fileRef = 4E49074B2ED24BC800864CDD /* IEcoEnumConnectionPoints.h */; };
		4E4907552ED24BC800864CDD /* IEcoConnectionPointContainer.h in Headers */ = {isa = PBXBuildFile; fileRef = 4E49074A2ED24BC800864CDD /* IEcoConnectionPointContainer.h */; };
		4E4907562ED24BC800864CDD /* IEcoLab1Events.h in Headers */ = {isa = PBXBuildFile; fileRef = 4E49074D2ED24BC800864CDD /* IEcoLab1Events.h */; };
		4E4907572ED24BC800864CDD /* IEcoList1.h in Headers */ = {isa = PBXBuildFile; fileRef = 4E49074E2ED24BC800864CDD /* IEcoList1.h */; };
		4E4907582ED24BC800864CDD /* IdEcoList1.h in Headers */ = {isa = PBXBuildFile; fileRef = 4E4907482ED24BC800864CDD /* IdEcoList1.h */; };
		4E4907592ED24BC800864CDD /* IEcoEnumConnections.h in Headers */ = {isa = PBXBuildFile; fileRef = 4E49074C2ED24BC800864CDD /* IEcoEnumConnections.h */; };
		4E49075A2ED24BC800864CDD /* IEcoConnectionPoint.h in Headers */ = {isa = PBXBuildFile; fileRef = 4E4907492ED24BC800864CDD /* IEcoConnectionPoint.h */; };
		4E49075B2ED24BC800864CDD /* IEcoEnumConnectionPoints.h in Headers */ = {isa = PBXBuildFile; fileRef = 4E49074B2ED24BC800864CDD /* IEcoEnumConnectionPoints.h */; };
		4E49075C2ED24BC800864CDD /* IEcoConnectionPointContainer.h in Headers */ = {isa = PBXBuildFile; fileRef = 4E49074A2ED24BC800864CDD /* IEcoConnectionPointContainer.h */; };
		4E4907602ED24BDD00864CDD /* CEcoLab1ConnectionPoint.h in Headers */ = {isa = PBXBuildFile; fileRef = 4E49075D2ED24BDD00864CDD /* CEcoLab1ConnectionPoint.h */; };
		4E4907612ED24BDD00864CDD /* CEcoLab1EnumConnectionPoints.h in Headers */ = {isa = PBXBuildFile; fileRef = 4E49075E2ED24BDD00864CDD /* CEcoLab1EnumConnectionPoints.h */; };
		4E4907622ED24BDD00864CDD /* CEcoLab1EnumConnections.h in Headers */ = {isa = PBXBuildFile; fileRef = 4E49075F2ED24BDD00864CDD /* CEcoLab1EnumConnections.h */; };
		4E4907632ED24BDD00864CDD /* CEcoLab1ConnectionPoint.h in Headers */ = {isa = PBXBuildFile; fileRef = 4E49075D2ED24BDD00864CDD /* CEcoLab1ConnectionPoint.h */; };
		4E4907642ED24BDD00864CDD /* CEcoLab1EnumConnectionPoints.h in Headers */ = {isa = PBXBuildFile; fileRef = 4E49075E2ED24BDD00864CDD /* CEcoLab1EnumConnectionPoints.h */; };
		4E4907652ED24BDD00864CDD /* CEcoLab1EnumConnections.h in Headers */ = {isa = PBXBuildFile; fileRef = 4E49075F2ED24BDD00864CDD /* CEcoLab1EnumConnections.h */; };
		4E553C242EAE7CA300CA97D8 /* IdEcoCalculatorC.h in Headers */ = {isa = PBXBuildFile; fileRef = 4E553C1D2EAE7CA300CA97D8 /* IdEcoCalculatorC.h */; };
		4E553C262EAE7CA300CA97D8 /* IEcoCalculatorY.h in Headers */ = {isa = PBXBuildFile; fileRef = 4E553C222EAE7CA300CA97D8 /* IEcoCalculatorY.h */; };
		4E553C272EAE7CA300CA97D8 /* IdEcoCalculatorD.h in Headers */ = {isa = PBXBuildFile; fileRef = 4E553C1E2EAE7CA300CA97D8 /* IdEcoCalculatorD.h */; };
		4E553C282EAE7CA300CA97D8 /* IdEcoCalculatorA.h in Headers */ = {isa = PBXBuildFile; fileRef = 4E553C1B2EAE7CA300CA97D8 /* IdEcoCalculatorA.h */; };
		4E553C292EAE7CA300CA97D8 /* IEcoCalculatorX.h in Headers */ = {isa = PBXBuildFile; fileRef = 4E553C212EAE7CA300CA97D8 /* IEcoCalculatorX.h */; };
		4E553C2A2EAE7CA300CA97D8 /* IdEcoCalculatorB.h in Headers */ = {isa = PBXBuildFile; fileRef = 4E553C1C2EAE7CA300CA97D8 /* IdEcoCalculatorB.h */; };
		4E553C2B2EAE7CA300CA97D8 /* IdEcoCalculatorE.h in Headers */ = {isa = PBXBuildFile; fileRef = 4E553C1F2EAE7CA300CA97D8 /* IdEcoCalculatorE.h */; };
		4E553C2D2EAE7CA300CA97D8 /* IdEcoCalculatorC.h in Headers */ = {isa = PBXBuildFile; fileRef = 4E553C1D2EAE7CA300CA97D8 /* IdEcoCalculatorC.h */; };
		4E553C2F2EAE7CA300CA97D8 /* IEcoCalculatorY.h in Headers */ = {isa = PBXBuildFile; fileRef = 4E553C222EAE7CA300CA97D8 /* IEcoCalculatorY.h */; };
		4E553C302EAE7CA300CA97D8 /* IdEcoCalculatorD.h in Headers */ = {isa = PBXBuildFile; fileRef = 4E553C1E2EAE7CA300CA97D8 /* IdEcoCalculatorD.h */; };
		4E553C312EAE7CA300CA97D8 /* IdEcoCalculatorA.h in Headers */ = {isa = PBXBuildFile; fileRef = 4E553C1B2EAE7CA300CA97D8 /* IdEcoCalculatorA.h */; };
		4E553C322EAE7CA300CA97D8 /* IEcoCalculatorX.h in Headers */ = {isa = PBXBuildFile; fileRef = 4E553C212EAE7CA300CA97D8 /* IEcoCalculatorX.h */; };
		4E553C332EAE7CA300CA97D8 /* IdEcoCalculatorB.h in Headers */ = {isa = PBXBuildFile; fileRef = 4E553C1C2EAE7CA300CA97D8 /* IdEcoCalculatorB.h */; };
		4E553C342EAE7CA300CA97D8 /* IdEcoCalculatorE.h in Headers */ = {isa = PBXBuildFile; fileRef = 4E553C1F2EAE7CA300CA97D8 /* IdEcoCalculatorE.h */; };
		4E8712BD2EB30D7A00268B12 /* CEcoLab1Factory.c in Sources */ = {isa = PBXBuildFile; fileRef = 4E8712BC2EB30D7A00268B12 /* CEcoLab1Factory.c */; };
		4E8712BE2EB30D7A00268B12 /* CEcoLab1.c in Sources */ = {isa = PBXBuildFile; fileRef = 4E8712BB2EB30D7A00268B12 /* CEcoLab1.c */; };
		4E8712BF2EB30D7A00268B12 /* CEcoLab1Factory.c in Sources */ = {isa = PBXBuildFile; fileRef = 4E8712BC2EB30D7A00268B12 /* CEcoLab1Factory.c */; };
		4E8712C02EB30D7A00268B12 /* CEcoLab1.c in Sources */ = {isa = PBXBuildFile; fileRef = 4E8712BB2EB30D7A00268B12 /* CEcoLab1.c */; };
		4E8712F52EB3E71D00268B12 /* AE202E543CE54550899603BD70C62565.so in Frameworks */ = {isa = PBXBuildFile; fileRef = 4E8712F32EB3E71D00268B12 /* AE202E543CE54550899603BD70C62565.so */; };
		4E8712F62EB3E71D00268B12 /* 4828F6552E4540E78121EBD220DC360E.so in Frameworks */ = {isa = PBXBuildFile; fileRef = 4E8712F42EB3E71D00268B12 /* 4828F6552E4540E78121EBD220DC360E.so */; };
		4E8713782EB416B700268B12 /* 3A8E44677E82475CB4A3719ED8397E61.so in Frameworks */ = {isa = PBXBuildFile; fileRef = 4E8713742EB416B700268B12 /* 3A8E44677E82475CB4A3719ED8397E61.so */; };
		4E8713792EB416B700268B12 /* AE202E543CE54550899603BD70C62565.so in Frameworks */ = {isa = PBXBuildFile; fileRef = 4E8713752EB416B700268B12 /* AE202E543CE54550899603BD70C62565.so */; };
		4E87137A2EB416B700268B12 /* 872FEF1DE3314B87AD44D1E7C232C2F0.so in Frameworks */ = {isa = PBXBuildFile; fileRef = 4E8713762EB416B700268B12 /* 872FEF1DE3314B87AD44D1E7C232C2F0.so */; };
		4E87137B2EB416B700268B12 /* 4828F6552E4540E78121EBD220DC360E.so in Frameworks */ = {isa = PBXBuildFile; fileRef = 4E8713772EB416B700268B12 /* 4828F6552E4540E78121EBD220DC360E.so */; };
/* End PBXBuildFile section */

/* Begin PBXFileReference section */
		01138AC027F1BDA600734060 /* lib1F5DF16EE1BF43B999A434ED38FE8F3A.a */ = {isa = PBXFileReference; explicitFileType = archive.ar; includeInIndex = 0; path = lib1F5DF16EE1BF43B999A434ED38FE8F3A.a; sourceTree = BUILT_PRODUCTS_DIR; };
		01138ACC27F1BDD300734060 /* lib1F5DF16EE1BF43B999A434ED38FE8F3A.dylib */ = {isa = PBXFileReference; explicitFileType = "compiled.mach-o.dylib"; includeInIndex = 0; path = lib1F5DF16EE1BF43B999A434ED38FE8F3A.dylib; sourceTree = BUILT_PRODUCTS_DIR; };
		01138AD527F1BE1A00734060 /* CEcoLab1Factory.h */ = {isa = PBXFileReference; fileEncoding = 4; lastKnownFileType = sourcecode.c.h; name = CEcoLab1Factory.h; path = ../../../HeaderFiles/CEcoLab1Factory.h; sourceTree = "<group>"; };
		01138AD627F1BE1A00734060 /* CEcoLab1.h */ = {isa = PBXFileReference; fileEncoding = 4; lastKnownFileType = sourcecode.c.h; name = CEcoLab1.h; path = ../../../HeaderFiles/CEcoLab1.h; sourceTree = "<group>"; };
		01138ADD27F1BE2C00734060 /* IEcoLab1.h */ = {isa = PBXFileReference; fileEncoding = 4; lastKnownFileType = sourcecode.c.h; name = IEcoLab1.h; path = ../../../SharedFiles/IEcoLab1.h; sourceTree = "<group>"; };
		01138ADE27F1BE2C00734060 /* IdEcoLab1.h */ = {isa = PBXFileReference; fileEncoding = 4; lastKnownFileType = sourcecode.c.h; name = IdEcoLab1.h; path = ../../../SharedFiles/IdEcoLab1.h; sourceTree = "<group>"; };
		4E49073F2ED24BB000864CDD /* CEcoLab1ConnectionPoint.c */ = {isa = PBXFileReference; lastKnownFileType = sourcecode.c.c; name = CEcoLab1ConnectionPoint.c; path = "/Users/niazgazizullin/Eco/Eco.Education-main/Eco.Practice/Eco.Lab1/SourceFiles/CEcoLab1ConnectionPoint.c"; sourceTree = "<absolute>"; };
		4E4907402ED24BB000864CDD /* CEcoLab1EnumConnectionPoints.c */ = {isa = PBXFileReference; lastKnownFileType = sourcecode.c.c; name = CEcoLab1EnumConnectionPoints.c; path = "/Users/niazgazizullin/Eco/Eco.Education-main/Eco.Practice/Eco.Lab1/SourceFiles/CEcoLab1EnumConnectionPoints.c"; sourceTree = "<absolute>"; };
		4E4907412ED24BB000864CDD /* CEcoLab1EnumConnections.c */ = {isa = PBXFileReference; lastKnownFileType = sourcecode.c.c; name = CEcoLab1EnumConnections.c; path = "/Users/niazgazizullin/Eco/Eco.Education-main/Eco.Practice/Eco.Lab1/SourceFiles/CEcoLab1EnumConnections.c"; sourceTree = "<absolute>"; };
		4E4907482ED24BC800864CDD /* IdEcoList1.h */ = {isa = PBXFileReference; lastKnownFileType = sourcecode.c.h; name = IdEcoList1.h; path = "/Users/niazgazizullin/Eco/Eco.Education-main/Eco.Practice/Eco.Lab1/SharedFiles/IdEcoList1.h"; sourceTree = "<absolute>"; };
		4E4907492ED24BC800864CDD /* IEcoConnectionPoint.h */ = {isa = PBXFileReference; lastKnownFileType = sourcecode.c.h; name = IEcoConnectionPoint.h; path = "/Users/niazgazizullin/Eco/Eco.Education-main/Eco.Practice/Eco.Lab1/SharedFiles/IEcoConnectionPoint.h"; sourceTree = "<absolute>"; };
		4E49074A2ED24BC800864CDD /* IEcoConnectionPointContainer.h */ = {isa = PBXFileReference; lastKnownFileType = sourcecode.c.h; name = IEcoConnectionPointContainer.h; path = "/Users/niazgazizullin/Eco/Eco.Education-main/Eco.Practice/Eco.Lab1/SharedFiles/IEcoConnectionPointContainer.h"; sourceTree = "<absolute>"; };
		4E49074B2ED24BC800864CDD /* IEcoEnumConnectionPoints.h */ = {isa = PBXFileReference; lastKnownFileType = sourcecode.c.h; name = IEcoEnumConnectionPoints.h; path = "/Users/niazgazizullin/Eco/Eco.Education-main/Eco.Practice/Eco.Lab1/SharedFiles/IEcoEnumConnectionPoints.h"; sourceTree = "<absolute>"; };
		4E49074C2ED24BC800864CDD /* IEcoEnumConnections.h */ = {isa = PBXFileReference; lastKnownFileType = sourcecode.c.h; name = IEcoEnumConnections.h; path = "/Users/niazgazizullin/Eco/Eco.Education-main/Eco.Practice/Eco.Lab1/SharedFiles/IEcoEnumConnections.h"; sourceTree = "<absolute>"; };
		4E49074D2ED24BC800864CDD /* IEcoLab1Events.h */ = {isa = PBXFileReference; lastKnownFileType = sourcecode.c.h; name = IEcoLab1Events.h; path = "/Users/niazgazizullin/Eco/Eco.Education-main/Eco.Practice/Eco.Lab1/SharedFiles/IEcoLab1Events.h"; sourceTree = "<absolute>"; };
		4E49074E2ED24BC800864CDD /* IEcoList1.h */ = {isa = PBXFileReference; lastKnownFileType = sourcecode.c.h; name = IEcoList1.h; path = "/Users/niazgazizullin/Eco/Eco.Education-main/Eco.Practice/Eco.Lab1/SharedFiles/IEcoList1.h"; sourceTree = "<absolute>"; };
		4E49075D2ED24BDD00864CDD /* CEcoLab1ConnectionPoint.h */ = {isa = PBXFileReference; lastKnownFileType = sourcecode.c.h; name = CEcoLab1ConnectionPoint.h; path = "/Users/niazgazizullin/Eco/Eco.Education-main/Eco.Practice/Eco.Lab1/HeaderFiles/CEcoLab1ConnectionPoint.h"; sourceTree = "<absolute>"; };
		4E49075E2ED24BDD00864CDD /* CEcoLab1EnumConnectionPoints.h */ = {isa = PBXFileReference; lastKnownFileType = sourcecode.c.h; name = CEcoLab1EnumConnectionPoints.h; path = "/Users/niazgazizullin/Eco/Eco.Education-main/Eco.Practice/Eco.Lab1/HeaderFiles/CEcoLab1EnumConnectionPoints.h"; sourceTree = "<absolute>"; };
		4E49075F2ED24BDD00864CDD /* CEcoLab1EnumConnections.h */ = {isa = PBXFileReference; lastKnownFileType = sourcecode.c.h; name = CEcoLab1EnumConnections.h; path = "/Users/niazgazizullin/Eco/Eco.Education-main/Eco.Practice/Eco.Lab1/HeaderFiles/CEcoLab1EnumConnections.h"; sourceTree = "<absolute>"; };
		4E553C1B2EAE7CA300CA97D8 /* IdEcoCalculatorA.h */ = {isa = PBXFileReference; lastKnownFileType = sourcecode.c.h; name = IdEcoCalculatorA.h; path = "/Users/niazgazizullin/Eco/Eco.Education-main/Eco.Practice/Eco.Lab1/SharedFiles/IdEcoCalculatorA.h"; sourceTree = "<absolute>"; };
		4E553C1C2EAE7CA300CA97D8 /* IdEcoCalculatorB.h */ = {isa = PBXFileReference; lastKnownFileType = sourcecode.c.h; name = IdEcoCalculatorB.h; path = "/Users/niazgazizullin/Eco/Eco.Education-main/Eco.Practice/Eco.Lab1/SharedFiles/IdEcoCalculatorB.h"; sourceTree = "<absolute>"; };
		4E553C1D2EAE7CA300CA97D8 /* IdEcoCalculatorC.h */ = {isa = PBXFileReference; lastKnownFileType = sourcecode.c.h; name = IdEcoCalculatorC.h; path = "/Users/niazgazizullin/Eco/Eco.Education-main/Eco.Practice/Eco.Lab1/SharedFiles/IdEcoCalculatorC.h"; sourceTree = "<absolute>"; };
		4E553C1E2EAE7CA300CA97D8 /* IdEcoCalculatorD.h */ = {isa = PBXFileReference; lastKnownFileType = sourcecode.c.h; name = IdEcoCalculatorD.h; path = "/Users/niazgazizullin/Eco/Eco.Education-main/Eco.Practice/Eco.Lab1/SharedFiles/IdEcoCalculatorD.h"; sourceTree = "<absolute>"; };
		4E553C1F2EAE7CA300CA97D8 /* IdEcoCalculatorE.h */ = {isa = PBXFileReference; lastKnownFileType = sourcecode.c.h; name = IdEcoCalculatorE.h; path = "/Users/niazgazizullin/Eco/Eco.Education-main/Eco.Practice/Eco.Lab1/SharedFiles/IdEcoCalculatorE.h"; sourceTree = "<absolute>"; };
		4E553C212EAE7CA300CA97D8 /* IEcoCalculatorX.h */ = {isa = PBXFileReference; lastKnownFileType = sourcecode.c.h; name = IEcoCalculatorX.h; path = "/Users/niazgazizullin/Eco/Eco.Education-main/Eco.Practice/Eco.Lab1/SharedFiles/IEcoCalculatorX.h"; sourceTree = "<absolute>"; };
		4E553C222EAE7CA300CA97D8 /* IEcoCalculatorY.h */ = {isa = PBXFileReference; lastKnownFileType = sourcecode.c.h; name = IEcoCalculatorY.h; path = "/Users/niazgazizullin/Eco/Eco.Education-main/Eco.Practice/Eco.Lab1/SharedFiles/IEcoCalculatorY.h"; sourceTree = "<absolute>"; };
		4E8712BB2EB30D7A00268B12 /* CEcoLab1.c */ = {isa = PBXFileReference; lastKnownFileType = sourcecode.c.c; name = CEcoLab1.c; path = "/Users/niazgazizullin/Eco/Eco.Education-main/Eco.Practice/Eco.Lab1/SourceFiles/CEcoLab1.c"; sourceTree = "<absolute>"; };
		4E8712BC2EB30D7A00268B12 /* CEcoLab1Factory.c */ = {isa = PBXFileReference; lastKnownFileType = sourcecode.c.c; name = CEcoLab1Factory.c; path = "/Users/niazgazizullin/Eco/Eco.Education-main/Eco.Practice/Eco.Lab1/SourceFiles/CEcoLab1Factory.c"; sourceTree = "<absolute>"; };
		4E8712F32EB3E71D00268B12 /* AE202E543CE54550899603BD70C62565.so */ = {isa = PBXFileReference; lastKnownFileType = file; name = AE202E543CE54550899603BD70C62565.so; path = ../../../BuildFiles/Mac/arm64/Debug/AE202E543CE54550899603BD70C62565.so; sourceTree = "<group>"; };
		4E8712F42EB3E71D00268B12 /* 4828F6552E4540E78121EBD220DC360E.so */ = {isa = PBXFileReference; lastKnownFileType = file; name = 4828F6552E4540E78121EBD220DC360E.so; path = ../../../BuildFiles/Mac/arm64/Debug/4828F6552E4540E78121EBD220DC360E.so; sourceTree = "<group>"; };
		4E8713742EB416B700268B12 /* 3A8E44677E82475CB4A3719ED8397E61.so */ = {isa = PBXFileReference; lastKnownFileType = file; name = 3A8E44677E82475CB4A3719ED8397E61.so; path = ../../../BuildFiles/3A8E44677E82475CB4A3719ED8397E61.so; sourceTree = "<group>"; };
		4E8713752EB416B700268B12 /* AE202E543CE54550899603BD70C62565.so */ = {isa = PBXFileReference; lastKnownFileType = file; name = AE202E543CE54550899603BD70C62565.so; path = ../../../BuildFiles/AE202E543CE54550899603BD70C62565.so; sourceTree = "<group>"; };
		4E8713762EB416B700268B12 /* 872FEF1DE3314B87AD44D1E7C232C2F0.so */ = {isa = PBXFileReference; lastKnownFileType = file; name = 872FEF1DE3314B87AD44D1E7C232C2F0.so; path = ../../../BuildFiles/872FEF1DE3314B87AD44D1E7C232C2F0.so; sourceTree = "<group>"; };
		4E8713772EB416B700268B12 /* 4828F6552E4540E78121EBD220DC360E.so */ = {isa = PBXFileReference; lastKnownFileType = file; name = 4828F6552E4540E78121EBD220DC360E.so; path = ../../../BuildFiles/4828F6552E4540E78121EBD220DC360E.so; sourceTree = "<group>"; };
/* End PBXFileReference section */

/* Begin PBXFrameworksBuildPhase section */
		01138ABE27F1BDA600734060 /* Frameworks */ = {
			isa = PBXFrameworksBuildPhase;
			buildActionMask = 2147483647;
			files = (
				4E8712F52EB3E71D00268B12 /* AE202E543CE54550899603BD70C62565.so in Frameworks */,
				4E8712F62EB3E71D00268B12 /* 4828F6552E4540E78121EBD220DC360E.so in Frameworks */,
			);
			runOnlyForDeploymentPostprocessing = 0;
		};
		01138ACA27F1BDD300734060 /* Frameworks */ = {
			isa = PBXFrameworksBuildPhase;
			buildActionMask = 2147483647;
			files = (
				4E8713782EB416B700268B12 /* 3A8E44677E82475CB4A3719ED8397E61.so in Frameworks */,
				4E8713792EB416B700268B12 /* AE202E543CE54550899603BD70C62565.so in Frameworks */,
				4E87137A2EB416B700268B12 /* 872FEF1DE3314B87AD44D1E7C232C2F0.so in Frameworks */,
				4E87137B2EB416B700268B12 /* 4828F6552E4540E78121EBD220DC360E.so in Frameworks */,
			);
			runOnlyForDeploymentPostprocessing = 0;
		};
/* End PBXFrameworksBuildPhase section */

/* Begin PBXGroup section */
		01138AB727F1BDA600734060 = {
			isa = PBXGroup;
			children = (
				01138AD427F1BDFB00734060 /* Header Files */,
				01138AD327F1BDF100734060 /* Shared Files */,
				01138AD227F1BDE700734060 /* Source Files */,
				4E0E90BA2E91A71D0007C502 /* Frameworks */,
				01138AC127F1BDA600734060 /* Products */,
			);
			sourceTree = "<group>";
		};
		01138AC127F1BDA600734060 /* Products */ = {
			isa = PBXGroup;
			children = (
				01138AC027F1BDA600734060 /* lib1F5DF16EE1BF43B999A434ED38FE8F3A.a */,
				01138ACC27F1BDD300734060 /* lib1F5DF16EE1BF43B999A434ED38FE8F3A.dylib */,
			);
			name = Products;
			sourceTree = "<group>";
		};
		01138AD227F1BDE700734060 /* Source Files */ = {
			isa = PBXGroup;
			children = (
				4E49073F2ED24BB000864CDD /* CEcoLab1ConnectionPoint.c */,
				4E4907402ED24BB000864CDD /* CEcoLab1EnumConnectionPoints.c */,
				4E4907412ED24BB000864CDD /* CEcoLab1EnumConnections.c */,
				4E8712BB2EB30D7A00268B12 /* CEcoLab1.c */,
				4E8712BC2EB30D7A00268B12 /* CEcoLab1Factory.c */,
			);
			name = "Source Files";
			sourceTree = "<group>";
		};
		01138AD327F1BDF100734060 /* Shared Files */ = {
			isa = PBXGroup;
			children = (
				4E4907482ED24BC800864CDD /* IdEcoList1.h */,
				4E4907492ED24BC800864CDD /* IEcoConnectionPoint.h */,
				4E49074A2ED24BC800864CDD /* IEcoConnectionPointContainer.h */,
				4E49074B2ED24BC800864CDD /* IEcoEnumConnectionPoints.h */,
				4E49074C2ED24BC800864CDD /* IEcoEnumConnections.h */,
				4E49074D2ED24BC800864CDD /* IEcoLab1Events.h */,
				4E49074E2ED24BC800864CDD /* IEcoList1.h */,
				4E553C1B2EAE7CA300CA97D8 /* IdEcoCalculatorA.h */,
				4E553C1C2EAE7CA300CA97D8 /* IdEcoCalculatorB.h */,
				4E553C1D2EAE7CA300CA97D8 /* IdEcoCalculatorC.h */,
				4E553C1E2EAE7CA300CA97D8 /* IdEcoCalculatorD.h */,
				4E553C1F2EAE7CA300CA97D8 /* IdEcoCalculatorE.h */,
				4E553C212EAE7CA300CA97D8 /* IEcoCalculatorX.h */,
				4E553C222EAE7CA300CA97D8 /* IEcoCalculatorY.h */,
				01138ADE27F1BE2C00734060 /* IdEcoLab1.h */,
				01138ADD27F1BE2C00734060 /* IEcoLab1.h */,
			);
			name = "Shared Files";
			sourceTree = "<group>";
		};
		01138AD427F1BDFB00734060 /* Header Files */ = {
			isa = PBXGroup;
			children = (
				4E49075D2ED24BDD00864CDD /* CEcoLab1ConnectionPoint.h */,
				4E49075E2ED24BDD00864CDD /* CEcoLab1EnumConnectionPoints.h */,
				4E49075F2ED24BDD00864CDD /* CEcoLab1EnumConnections.h */,
				01138AD627F1BE1A00734060 /* CEcoLab1.h */,
				01138AD527F1BE1A00734060 /* CEcoLab1Factory.h */,
			);
			name = "Header Files";
			sourceTree = "<group>";
		};
		4E0E90BA2E91A71D0007C502 /* Frameworks */ = {
			isa = PBXGroup;
			children = (
				4E8713742EB416B700268B12 /* 3A8E44677E82475CB4A3719ED8397E61.so */,
				4E8713762EB416B700268B12 /* 872FEF1DE3314B87AD44D1E7C232C2F0.so */,
				4E8713772EB416B700268B12 /* 4828F6552E4540E78121EBD220DC360E.so */,
				4E8713752EB416B700268B12 /* AE202E543CE54550899603BD70C62565.so */,
				4E8712F42EB3E71D00268B12 /* 4828F6552E4540E78121EBD220DC360E.so */,
				4E8712F32EB3E71D00268B12 /* AE202E543CE54550899603BD70C62565.so */,
			);
			name = Frameworks;
			sourceTree = "<group>";
		};
/* End PBXGroup section */

/* Begin PBXHeadersBuildPhase section */
		01138ABC27F1BDA600734060 /* Headers */ = {
			isa = PBXHeadersBuildPhase;
			buildActionMask = 2147483647;
			files = (
				01138AE127F1BE2C00734060 /* IdEcoLab1.h in Headers */,
				01138AD727F1BE1A00734060 /* CEcoLab1Factory.h in Headers */,
				01138ADF27F1BE2C00734060 /* IEcoLab1.h in Headers */,
				4E553C2D2EAE7CA300CA97D8 /* IdEcoCalculatorC.h in Headers */,
				4E553C2F2EAE7CA300CA97D8 /* IEcoCalculatorY.h in Headers */,
				4E553C302EAE7CA300CA97D8 /* IdEcoCalculatorD.h in Headers */,
				4E553C312EAE7CA300CA97D8 /* IdEcoCalculatorA.h in Headers */,
				4E4907562ED24BC800864CDD /* IEcoLab1Events.h in Headers */,
				4E4907572ED24BC800864CDD /* IEcoList1.h in Headers */,
				4E4907582ED24BC800864CDD /* IdEcoList1.h in Headers */,
				4E4907602ED24BDD00864CDD /* CEcoLab1ConnectionPoint.h in Headers */,
				4E4907612ED24BDD00864CDD /* CEcoLab1EnumConnectionPoints.h in Headers */,
				4E4907622ED24BDD00864CDD /* CEcoLab1EnumConnections.h in Headers */,
				4E4907592ED24BC800864CDD /* IEcoEnumConnections.h in Headers */,
				4E49075A2ED24BC800864CDD /* IEcoConnectionPoint.h in Headers */,
				4E49075B2ED24BC800864CDD /* IEcoEnumConnectionPoints.h in Headers */,
				4E49075C2ED24BC800864CDD /* IEcoConnectionPointContainer.h in Headers */,
				4E553C322EAE7CA300CA97D8 /* IEcoCalculatorX.h in Headers */,
				4E553C332EAE7CA300CA97D8 /* IdEcoCalculatorB.h in Headers */,
				4E553C342EAE7CA300CA97D8 /* IdEcoCalculatorE.h in Headers */,
				01138AD927F1BE1A00734060 /* CEcoLab1.h in Headers */,
			);
			runOnlyForDeploymentPostprocessing = 0;
		};
		01138AC827F1BDD300734060 /* Headers */ = {
			isa = PBXHeadersBuildPhase;
			buildActionMask = 2147483647;
			files = (
				01138AE227F1BE2C00734060 /* IdEcoLab1.h in Headers */,
				01138AD827F1BE1A00734060 /* CEcoLab1Factory.h in Headers */,
				01138AE027F1BE2C00734060 /* IEcoLab1.h in Headers */,
				4E553C242EAE7CA300CA97D8 /* IdEcoCalculatorC.h in Headers */,
				4E553C262EAE7CA300CA97D8 /* IEcoCalculatorY.h in Headers */,
				4E553C272EAE7CA300CA97D8 /* IdEcoCalculatorD.h in Headers */,
				4E553C282EAE7CA300CA97D8 /* IdEcoCalculatorA.h in Headers */,
				4E49074F2ED24BC800864CDD /* IEcoLab1Events.h in Headers */,
				4E4907502ED24BC800864CDD /* IEcoList1.h in Headers */,
				4E4907512ED24BC800864CDD /* IdEcoList1.h in Headers */,
				4E4907632ED24BDD00864CDD /* CEcoLab1ConnectionPoint.h in Headers */,
				4E4907642ED24BDD00864CDD /* CEcoLab1EnumConnectionPoints.h in Headers */,
				4E4907652ED24BDD00864CDD /* CEcoLab1EnumConnections.h in Headers */,
				4E4907522ED24BC800864CDD /* IEcoEnumConnections.h in Headers */,
				4E4907532ED24BC800864CDD /* IEcoConnectionPoint.h in Headers */,
				4E4907542ED24BC800864CDD /* IEcoEnumConnectionPoints.h in Headers */,
				4E4907552ED24BC800864CDD /* IEcoConnectionPointContainer.h in Headers */,
				4E553C292EAE7CA300CA97D8 /* IEcoCalculatorX.h in Headers */,
				4E553C2A2EAE7CA300CA97D8 /* IdEcoCalculatorB.h in Headers */,
				4E553C2B2EAE7CA300CA97D8 /* IdEcoCalculatorE.h in Headers */,
				01138ADA27F1BE1A00734060 /* CEcoLab1.h in Headers */,
			);
			runOnlyForDeploymentPostprocessing = 0;
		};
/* End PBXHeadersBuildPhase section */

/* Begin PBXNativeTarget section */
		01138ABF27F1BDA600734060 /* Static */ = {
			isa = PBXNativeTarget;
			buildConfigurationList = 01138AC427F1BDA600734060 /* Build configuration list for PBXNativeTarget "Static" */;
			buildPhases = (
				01138ABC27F1BDA600734060 /* Headers */,
				01138ABD27F1BDA600734060 /* Sources */,
				01138ABE27F1BDA600734060 /* Frameworks */,
			);
			buildRules = (
			);
			dependencies = (
			);
			name = Static;
			productName = Eco.Lab1;
			productReference = 01138AC027F1BDA600734060 /* lib1F5DF16EE1BF43B999A434ED38FE8F3A.a */;
			productType = "com.apple.product-type.library.static";
		};
		01138ACB27F1BDD300734060 /* Dynamic */ = {
			isa = PBXNativeTarget;
			buildConfigurationList = 01138ACD27F1BDD300734060 /* Build configuration list for PBXNativeTarget "Dynamic" */;
			buildPhases = (
				01138AC827F1BDD300734060 /* Headers */,
				01138AC927F1BDD300734060 /* Sources */,
				01138ACA27F1BDD300734060 /* Frameworks */,
			);
			buildRules = (
			);
			dependencies = (
			);
			name = Dynamic;
			productName = Dynamic;
			productReference = 01138ACC27F1BDD300734060 /* lib1F5DF16EE1BF43B999A434ED38FE8F3A.dylib */;
			productType = "com.apple.product-type.library.dynamic";
		};
/* End PBXNativeTarget section */

/* Begin PBXProject section */
		01138AB827F1BDA600734060 /* Project object */ = {
			isa = PBXProject;
			attributes = {
				LastUpgradeCheck = 1230;
				TargetAttributes = {
					01138ABF27F1BDA600734060 = {
						CreatedOnToolsVersion = 12.3;
						LastSwiftMigration = 1600;
						ProvisioningStyle = Automatic;
					};
					01138ACB27F1BDD300734060 = {
						CreatedOnToolsVersion = 12.3;
						LastSwiftMigration = 1600;
						ProvisioningStyle = Automatic;
					};
				};
			};
			buildConfigurationList = 01138ABB27F1BDA600734060 /* Build configuration list for PBXProject "Eco.Lab1" */;
			compatibilityVersion = "Xcode 3.2";
			developmentRegion = en;
			hasScannedForEncodings = 0;
			knownRegions = (
				en,
				Base,
			);
			mainGroup = 01138AB727F1BDA600734060;
			productRefGroup = 01138AC127F1BDA600734060 /* Products */;
			projectDirPath = "";
			projectRoot = "";
			targets = (
				01138ABF27F1BDA600734060 /* Static */,
				01138ACB27F1BDD300734060 /* Dynamic */,
			);
		};
/* End PBXProject section */

/* Begin PBXSourcesBuildPhase section */
		01138ABD27F1BDA600734060 /* Sources */ = {
			isa = PBXSourcesBuildPhase;
			buildActionMask = 2147483647;
			files = (
				4E8712BD2EB30D7A00268B12 /* CEcoLab1Factory.c in Sources */,
				4E4907452ED24BB000864CDD /* CEcoLab1ConnectionPoint.c in Sources */,
				4E4907462ED24BB000864CDD /* CEcoLab1EnumConnections.c in Sources */,
				4E4907472ED24BB000864CDD /* CEcoLab1EnumConnectionPoints.c in Sources */,
				4E8712BE2EB30D7A00268B12 /* CEcoLab1.c in Sources */,
			);
			runOnlyForDeploymentPostprocessing = 0;
		};
		01138AC927F1BDD300734060 /* Sources */ = {
			isa = PBXSourcesBuildPhase;
			buildActionMask = 2147483647;
			files = (
				4E8712BF2EB30D7A00268B12 /* CEcoLab1Factory.c in Sources */,
				4E4907422ED24BB000864CDD /* CEcoLab1ConnectionPoint.c in Sources */,
				4E4907432ED24BB000864CDD /* CEcoLab1EnumConnections.c in Sources */,
				4E4907442ED24BB000864CDD /* CEcoLab1EnumConnectionPoints.c in Sources */,
				4E8712C02EB30D7A00268B12 /* CEcoLab1.c in Sources */,
			);
			runOnlyForDeploymentPostprocessing = 0;
		};
/* End PBXSourcesBuildPhase section */

/* Begin XCBuildConfiguration section */
		01138AC227F1BDA600734060 /* Debug */ = {
			isa = XCBuildConfiguration;
			buildSettings = {
				ALWAYS_SEARCH_USER_PATHS = NO;
				ARCHS = arm64;
				CLANG_ANALYZER_NONNULL = YES;
				CLANG_ANALYZER_NUMBER_OBJECT_CONVERSION = YES_AGGRESSIVE;
				CLANG_CXX_LANGUAGE_STANDARD = "gnu++14";
				CLANG_CXX_LIBRARY = "libc++";
				CLANG_ENABLE_MODULES = YES;
				CLANG_ENABLE_OBJC_ARC = YES;
				CLANG_ENABLE_OBJC_WEAK = YES;
				CLANG_WARN_BLOCK_CAPTURE_AUTORELEASING = YES;
				CLANG_WARN_BOOL_CONVERSION = YES;
				CLANG_WARN_COMMA = YES;
				CLANG_WARN_CONSTANT_CONVERSION = YES;
				CLANG_WARN_DEPRECATED_OBJC_IMPLEMENTATIONS = YES;
				CLANG_WARN_DIRECT_OBJC_ISA_USAGE = YES_ERROR;
				CLANG_WARN_DOCUMENTATION_COMMENTS = YES;
				CLANG_WARN_EMPTY_BODY = YES;
				CLANG_WARN_ENUM_CONVERSION = YES;
				CLANG_WARN_INFINITE_RECURSION = YES;
				CLANG_WARN_INT_CONVERSION = YES;
				CLANG_WARN_NON_LITERAL_NULL_CONVERSION = YES;
				CLANG_WARN_OBJC_IMPLICIT_RETAIN_SELF = YES;
				CLANG_WARN_OBJC_LITERAL_CONVERSION = YES;
				CLANG_WARN_OBJC_ROOT_CLASS = YES_ERROR;
				CLANG_WARN_QUOTED_INCLUDE_IN_FRAMEWORK_HEADER = YES;
				CLANG_WARN_RANGE_LOOP_ANALYSIS = YES;
				CLANG_WARN_STRICT_PROTOTYPES = YES;
				CLANG_WARN_SUSPICIOUS_MOVE = YES;
				CLANG_WARN_UNGUARDED_AVAILABILITY = YES_AGGRESSIVE;
				CLANG_WARN_UNREACHABLE_CODE = YES;
				CLANG_WARN__DUPLICATE_METHOD_MATCH = YES;
				COPY_PHASE_STRIP = NO;
				DEBUG_INFORMATION_FORMAT = dwarf;
				ENABLE_STRICT_OBJC_MSGSEND = YES;
				ENABLE_TESTABILITY = YES;
				GCC_C_LANGUAGE_STANDARD = gnu11;
				GCC_DYNAMIC_NO_PIC = NO;
				GCC_NO_COMMON_BLOCKS = YES;
				GCC_OPTIMIZATION_LEVEL = 0;
				GCC_PREPROCESSOR_DEFINITIONS = (
					ECO_AARCH64,
					"DEBUG=1",
					"$(inherited)",
				);
				GCC_WARN_64_TO_32_BIT_CONVERSION = YES;
				GCC_WARN_ABOUT_RETURN_TYPE = YES_ERROR;
				GCC_WARN_UNDECLARED_SELECTOR = YES;
				GCC_WARN_UNINITIALIZED_AUTOS = YES_AGGRESSIVE;
				GCC_WARN_UNUSED_FUNCTION = YES;
				GCC_WARN_UNUSED_VARIABLE = YES;
				HEADER_SEARCH_PATHS = (
					../../../HeaderFiles,
					../../../SharedFiles,
					"$(ECO_FRAMEWORK)/Eco.FileSystemManagement1/SharedFiles",
					"$(ECO_FRAMEWORK)/Eco.MemoryManager1/SharedFiles",
					"$(ECO_FRAMEWORK)/Eco.Core1/SharedFiles",
					"$(ECO_FRAMEWORK)/Eco.InterfaceBus1/SharedFiles",
				);
				MACOSX_DEPLOYMENT_TARGET = 10.13;
				MTL_ENABLE_DEBUG_INFO = INCLUDE_SOURCE;
				MTL_FAST_MATH = YES;
				ONLY_ACTIVE_ARCH = NO;
				PRODUCT_NAME = 1F5DF16EE1BF43B999A434ED38FE8F3A;
				SDKROOT = macosx;
			};
			name = Debug;
		};
		01138AC327F1BDA600734060 /* Release */ = {
			isa = XCBuildConfiguration;
			buildSettings = {
				ALWAYS_SEARCH_USER_PATHS = NO;
				ARCHS = arm64;
				CLANG_ANALYZER_NONNULL = YES;
				CLANG_ANALYZER_NUMBER_OBJECT_CONVERSION = YES_AGGRESSIVE;
				CLANG_CXX_LANGUAGE_STANDARD = "gnu++14";
				CLANG_CXX_LIBRARY = "libc++";
				CLANG_ENABLE_MODULES = YES;
				CLANG_ENABLE_OBJC_ARC = YES;
				CLANG_ENABLE_OBJC_WEAK = YES;
				CLANG_WARN_BLOCK_CAPTURE_AUTORELEASING = YES;
				CLANG_WARN_BOOL_CONVERSION = YES;
				CLANG_WARN_COMMA = YES;
				CLANG_WARN_CONSTANT_CONVERSION = YES;
				CLANG_WARN_DEPRECATED_OBJC_IMPLEMENTATIONS = YES;
				CLANG_WARN_DIRECT_OBJC_ISA_USAGE = YES_ERROR;
				CLANG_WARN_DOCUMENTATION_COMMENTS = YES;
				CLANG_WARN_EMPTY_BODY = YES;
				CLANG_WARN_ENUM_CONVERSION = YES;
				CLANG_WARN_INFINITE_RECURSION = YES;
				CLANG_WARN_INT_CONVERSION = YES;
				CLANG_WARN_NON_LITERAL_NULL_CONVERSION = YES;
				CLANG_WARN_OBJC_IMPLICIT_RETAIN_SELF = YES;
				CLANG_WARN_OBJC_LITERAL_CONVERSION = YES;
				CLANG_WARN_OBJC_ROOT_CLASS = YES_ERROR;
				CLANG_WARN_QUOTED_INCLUDE_IN_FRAMEWORK_HEADER = YES;
				CLANG_WARN_RANGE_LOOP_ANALYSIS = YES;
				CLANG_WARN_STRICT_PROTOTYPES = YES;
				CLANG_WARN_SUSPICIOUS_MOVE = YES;
				CLANG_WARN_UNGUARDED_AVAILABILITY = YES_AGGRESSIVE;
				CLANG_WARN_UNREACHABLE_CODE = YES;
				CLANG_WARN__DUPLICATE_METHOD_MATCH = YES;
				COPY_PHASE_STRIP = NO;
				DEBUG_INFORMATION_FORMAT = "dwarf-with-dsym";
				ENABLE_NS_ASSERTIONS = NO;
				ENABLE_STRICT_OBJC_MSGSEND = YES;
				GCC_C_LANGUAGE_STANDARD = gnu11;
				GCC_NO_COMMON_BLOCKS = YES;
				GCC_PREPROCESSOR_DEFINITIONS = (
					ECO_AARCH64,
					"$(inherited)",
				);
				GCC_WARN_64_TO_32_BIT_CONVERSION = YES;
				GCC_WARN_ABOUT_RETURN_TYPE = YES_ERROR;
				GCC_WARN_UNDECLARED_SELECTOR = YES;
				GCC_WARN_UNINITIALIZED_AUTOS = YES_AGGRESSIVE;
				GCC_WARN_UNUSED_FUNCTION = YES;
				GCC_WARN_UNUSED_VARIABLE = YES;
				HEADER_SEARCH_PATHS = (
					../../../HeaderFiles,
					../../../SharedFiles,
					"$(ECO_FRAMEWORK)/Eco.FileSystemManagement1/SharedFiles",
					"$(ECO_FRAMEWORK)/Eco.MemoryManager1/SharedFiles",
					"$(ECO_FRAMEWORK)/Eco.Core1/SharedFiles",
					"$(ECO_FRAMEWORK)/Eco.InterfaceBus1/SharedFiles",
				);
				MACOSX_DEPLOYMENT_TARGET = 10.13;
				MTL_ENABLE_DEBUG_INFO = NO;
				MTL_FAST_MATH = YES;
				PRODUCT_NAME = 1F5DF16EE1BF43B999A434ED38FE8F3A;
				SDKROOT = macosx;
			};
			name = Release;
		};
		01138AC527F1BDA600734060 /* Debug */ = {
			isa = XCBuildConfiguration;
			buildSettings = {
				ARCHS = arm64;
				CLANG_ENABLE_MODULES = YES;
				CODE_SIGN_STYLE = Automatic;
				EXECUTABLE_PREFIX = lib;
				GCC_PREPROCESSOR_DEFINITIONS = (
					"ECO_LIB=1",
					ECO_APPLE,
					ECO_MAC,
					UGUID_UTILITY,
					"DEBUG=1",
					"$(inherited)",
				);
				HEADER_SEARCH_PATHS = (
					../../../HeaderFiles,
					../../../SharedFiles,
					"$(ECO_FRAMEWORK)/Eco.FileSystemManagement1/SharedFiles",
					"$(ECO_FRAMEWORK)/Eco.MemoryManager1/SharedFiles",
					"$(ECO_FRAMEWORK)/Eco.Core1/SharedFiles",
					"$(ECO_FRAMEWORK)/Eco.InterfaceBus1/SharedFiles",
				);
				PRODUCT_NAME = "$(PRODUCT_NAME)";
				SKIP_INSTALL = YES;
				SWIFT_OPTIMIZATION_LEVEL = "-Onone";
				SWIFT_VERSION = 6.0;
			};
			name = Debug;
		};
		01138AC627F1BDA600734060 /* Release */ = {
			isa = XCBuildConfiguration;
			buildSettings = {
				ARCHS = arm64;
				CLANG_ENABLE_MODULES = YES;
				CODE_SIGN_STYLE = Automatic;
				EXECUTABLE_PREFIX = lib;
				GCC_PREPROCESSOR_DEFINITIONS = (
					"ECO_LIB=1",
					ECO_APPLE,
					ECO_MAC,
					UGUID_UTILITY,
					"$(inherited)",
				);
				HEADER_SEARCH_PATHS = (
					../../../HeaderFiles,
					../../../SharedFiles,
					"$(ECO_FRAMEWORK)/Eco.FileSystemManagement1/SharedFiles",
					"$(ECO_FRAMEWORK)/Eco.MemoryManager1/SharedFiles",
					"$(ECO_FRAMEWORK)/Eco.Core1/SharedFiles",
					"$(ECO_FRAMEWORK)/Eco.InterfaceBus1/SharedFiles",
				);
				PRODUCT_NAME = "$(PRODUCT_NAME)";
				SKIP_INSTALL = YES;
				SWIFT_VERSION = 6.0;
			};
			name = Release;
		};
		01138ACE27F1BDD300734060 /* Debug */ = {
			isa = XCBuildConfiguration;
			buildSettings = {
				CLANG_ENABLE_MODULES = YES;
				CODE_SIGN_STYLE = Automatic;
				DYLIB_COMPATIBILITY_VERSION = 1;
				DYLIB_CURRENT_VERSION = 1;
				EXECUTABLE_PREFIX = lib;
				GCC_PREPROCESSOR_DEFINITIONS = (
					"ECO_DLL=1",
					ECO_APPLE,
					ECO_MAC,
					UGUID_UTILITY,
					"DEBUG=1",
					"$(inherited)",
				);
				HEADER_SEARCH_PATHS = (
					../../../HeaderFiles,
					../../../SharedFiles,
					"$(ECO_FRAMEWORK)/Eco.FileSystemManagement1/SharedFiles",
					"$(ECO_FRAMEWORK)/Eco.MemoryManager1/SharedFiles",
					"$(ECO_FRAMEWORK)/Eco.Core1/SharedFiles",
					"$(ECO_FRAMEWORK)/Eco.InterfaceBus1/SharedFiles",
				);
				PRODUCT_NAME = "$(PRODUCT_NAME)";
				SKIP_INSTALL = YES;
				SWIFT_OPTIMIZATION_LEVEL = "-Onone";
				SWIFT_VERSION = 6.0;
			};
			name = Debug;
		};
		01138ACF27F1BDD300734060 /* Release */ = {
			isa = XCBuildConfiguration;
			buildSettings = {
				CLANG_ENABLE_MODULES = YES;
				CODE_SIGN_STYLE = Automatic;
				DYLIB_COMPATIBILITY_VERSION = 1;
				DYLIB_CURRENT_VERSION = 1;
				EXECUTABLE_PREFIX = lib;
				GCC_PREPROCESSOR_DEFINITIONS = (
					"ECO_DLL=1",
					ECO_APPLE,
					ECO_MAC,
					UGUID_UTILITY,
					"$(inherited)",
				);
				HEADER_SEARCH_PATHS = (
					../../../HeaderFiles,
					../../../SharedFiles,
					"$(ECO_FRAMEWORK)/Eco.FileSystemManagement1/SharedFiles",
					"$(ECO_FRAMEWORK)/Eco.MemoryManager1/SharedFiles",
					"$(ECO_FRAMEWORK)/Eco.Core1/SharedFiles",
					"$(ECO_FRAMEWORK)/Eco.InterfaceBus1/SharedFiles",
				);
				PRODUCT_NAME = "$(PRODUCT_NAME)";
				SKIP_INSTALL = YES;
				SWIFT_VERSION = 6.0;
			};
			name = Release;
		};
/* End XCBuildConfiguration section */

/* Begin XCConfigurationList section */
		01138ABB27F1BDA600734060 /* Build configuration list for PBXProject "Eco.Lab1" */ = {
			isa = XCConfigurationList;
			buildConfigurations = (
				01138AC227F1BDA600734060 /* Debug */,
				01138AC327F1BDA600734060 /* Release */,
			);
			defaultConfigurationIsVisible = 0;
			defaultConfigurationName = Release;
		};
		01138AC427F1BDA600734060 /* Build configuration list for PBXNativeTarget "Static" */ = {
			isa = XCConfigurationList;
			buildConfigurations = (
				01138AC527F1BDA600734060 /* Debug */,
				01138AC627F1BDA600734060 /* Release */,
			);
			defaultConfigurationIsVisible = 0;
			defaultConfigurationName = Release;
		};
		01138ACD27F1BDD300734060 /* Build configuration list for PBXNativeTarget "Dynamic" */ = {
			isa = XCConfigurationList;
			buildConfigurations = (
				01138ACE27F1BDD300734060 /* Debug */,
				01138ACF27F1BDD300734060 /* Release */,
			);
			defaultConfigurationIsVisible = 0;
			defaultConfigurationName = Release;
		};
/* End XCConfigurationList section */
	};
	rootObject = 01138AB827F1BDA600734060 /* Project object */;
}
